# THIS IS AN AUTOGENERATED FILE. DO NOT EDIT THIS FILE DIRECTLY.
# yarn lockfile v1


"@selemondev/vue3-signature-pad@^1.1.5":
  version "1.1.5"
  resolved "https://registry.yarnpkg.com/@selemondev/vue3-signature-pad/-/vue3-signature-pad-1.1.5.tgz#14f35d36896e0d7ac80fc5b5b8d02b949c9e097f"
  integrity sha512-AJxajgLzeKQ/fDr4605vCJt44BucFLLKLmQ1XMUDajFu3C8mkSqmnDzpb6EM1GbZxXxAxEFA4pPHoQ8tuT0Pow==
  dependencies:
    nanoid "^5.0.9"
    signature_pad "^5.0.4"

nanoid@^5.0.9:
  version "5.0.9"
  resolved "https://registry.yarnpkg.com/nanoid/-/nanoid-5.0.9.tgz#977dcbaac055430ce7b1e19cf0130cea91a20e50"
  integrity sha512-Aooyr6MXU6HpvvWXKoVoXwKMs/KyVakWwg7xQfv5/S/RIgJMy0Ifa45H9qqYy7pTCszrHzP21Uk4PZq2HpEM8Q==

signature_pad@^5.0.4:
  version "5.0.4"
  resolved "https://registry.yarnpkg.com/signature_pad/-/signature_pad-5.0.4.tgz#81d15a75eb6c86a73c4f33b1cdec29068f057c64"
  integrity sha512-nngOixbwLAUOuH3QnZwlgwmynQblxmo4iWacKFwfymJfiY+Qt+9icNtcIe/okqXKun4hJ5QTFmHyC7dmv6lf2w==

vue-select@^3.20.3:
  version "3.20.3"
  resolved "https://registry.yarnpkg.com/vue-select/-/vue-select-3.20.3.tgz#559b0ba2780171e4eeda455ebce5f3ce708380eb"
  integrity sha512-aDaq4rPBrDavh7NDLgAP8e0G8UNElh6vO3itGWjhf1y9KaGRWtFw21cUkSRHGgj0V5FlCG4EaRb1xdE/C9J+eg==
